{
  "name": "@aboutbits/prettier-config",
  "version": "0.0.1",
  "lockfileVersion": 2,
  "requires": true,
  "packages": {
    "": {
      "name": "@aboutbits/prettier-config",
      "version": "0.0.1",
      "license": "MIT",
      "engines": {
        "node": ">=16",
        "npm": ">=8"
      }
    }
  }
}
